PODS:
  - Alamofire (5.6.4)
  - BSImagePicker (3.3.1)
  - CocoaAsyncSocket (7.6.5)
  - CocoaLumberjack (3.8.0):
    - CocoaLumberjack/Core (= 3.8.0)
  - CocoaLumberjack/Core (3.8.0)
  - CocoaLumberjack/Swift (3.8.0):
    - CocoaLumberjack/Core
  - Firebase/Analytics (10.4.0):
    - Firebase/Core
  - Firebase/Auth (10.4.0):
    - Firebase/CoreOnly
    - FirebaseAuth (~> 10.4.0)
  - Firebase/Core (10.4.0):
    - Firebase/CoreOnly
    - FirebaseAnalytics (~> 10.4.0)
  - Firebase/CoreOnly (10.4.0):
    - FirebaseCore (= 10.4.0)
  - Firebase/Crashlytics (10.4.0):
    - Firebase/CoreOnly
    - FirebaseCrashlytics (~> 10.4.0)
  - Firebase/Messaging (10.4.0):
    - Firebase/CoreOnly
    - FirebaseMessaging (~> 10.4.0)
  - Firebase/RemoteConfig (10.4.0):
    - Firebase/CoreOnly
    - FirebaseRemoteConfig (~> 10.4.0)
  - FirebaseABTesting (10.4.0):
    - FirebaseCore (~> 10.0)
  - FirebaseAnalytics (10.4.0):
    - FirebaseAnalytics/AdIdSupport (= 10.4.0)
    - FirebaseCore (~> 10.0)
    - FirebaseInstallations (~> 10.0)
    - GoogleUtilities/AppDelegateSwizzler (~> 7.8)
    - GoogleUtilities/MethodSwizzler (~> 7.8)
    - GoogleUtilities/Network (~> 7.8)
    - "GoogleUtilities/NSData+zlib (~> 7.8)"
    - nanopb (< 2.30910.0, >= 2.30908.0)
  - FirebaseAnalytics/AdIdSupport (10.4.0):
    - FirebaseCore (~> 10.0)
    - FirebaseInstallations (~> 10.0)
    - GoogleAppMeasurement (= 10.4.0)
    - GoogleUtilities/AppDelegateSwizzler (~> 7.8)
    - GoogleUtilities/MethodSwizzler (~> 7.8)
    - GoogleUtilities/Network (~> 7.8)
    - "GoogleUtilities/NSData+zlib (~> 7.8)"
    - nanopb (< 2.30910.0, >= 2.30908.0)
  - FirebaseAuth (10.4.0):
    - FirebaseCore (~> 10.0)
    - GoogleUtilities/AppDelegateSwizzler (~> 7.8)
    - GoogleUtilities/Environment (~> 7.8)
    - GTMSessionFetcher/Core (< 4.0, >= 2.1)
  - FirebaseCore (10.4.0):
    - FirebaseCoreInternal (~> 10.0)
    - GoogleUtilities/Environment (~> 7.8)
    - GoogleUtilities/Logger (~> 7.8)
  - FirebaseCoreInternal (10.4.0):
    - "GoogleUtilities/NSData+zlib (~> 7.8)"
  - FirebaseCrashlytics (10.4.0):
    - FirebaseCore (~> 10.0)
    - FirebaseInstallations (~> 10.0)
    - GoogleDataTransport (~> 9.2)
    - GoogleUtilities/Environment (~> 7.8)
    - nanopb (< 2.30910.0, >= 2.30908.0)
    - PromisesObjC (~> 2.1)
  - FirebaseInstallations (10.4.0):
    - FirebaseCore (~> 10.0)
    - GoogleUtilities/Environment (~> 7.8)
    - GoogleUtilities/UserDefaults (~> 7.8)
    - PromisesObjC (~> 2.1)
  - FirebaseMessaging (10.4.0):
    - FirebaseCore (~> 10.0)
    - FirebaseInstallations (~> 10.0)
    - GoogleDataTransport (~> 9.2)
    - GoogleUtilities/AppDelegateSwizzler (~> 7.8)
    - GoogleUtilities/Environment (~> 7.8)
    - GoogleUtilities/Reachability (~> 7.8)
    - GoogleUtilities/UserDefaults (~> 7.8)
    - nanopb (< 2.30910.0, >= 2.30908.0)
  - FirebaseRemoteConfig (10.4.0):
    - FirebaseABTesting (~> 10.0)
    - FirebaseCore (~> 10.0)
    - FirebaseInstallations (~> 10.0)
    - GoogleUtilities/Environment (~> 7.8)
    - "GoogleUtilities/NSData+zlib (~> 7.8)"
  - Floaty (4.2.0)
  - GoogleAppMeasurement (10.4.0):
    - GoogleAppMeasurement/AdIdSupport (= 10.4.0)
    - GoogleUtilities/AppDelegateSwizzler (~> 7.8)
    - GoogleUtilities/MethodSwizzler (~> 7.8)
    - GoogleUtilities/Network (~> 7.8)
    - "GoogleUtilities/NSData+zlib (~> 7.8)"
    - nanopb (< 2.30910.0, >= 2.30908.0)
  - GoogleAppMeasurement/AdIdSupport (10.4.0):
    - GoogleAppMeasurement/WithoutAdIdSupport (= 10.4.0)
    - GoogleUtilities/AppDelegateSwizzler (~> 7.8)
    - GoogleUtilities/MethodSwizzler (~> 7.8)
    - GoogleUtilities/Network (~> 7.8)
    - "GoogleUtilities/NSData+zlib (~> 7.8)"
    - nanopb (< 2.30910.0, >= 2.30908.0)
  - GoogleAppMeasurement/WithoutAdIdSupport (10.4.0):
    - GoogleUtilities/AppDelegateSwizzler (~> 7.8)
    - GoogleUtilities/MethodSwizzler (~> 7.8)
    - GoogleUtilities/Network (~> 7.8)
    - "GoogleUtilities/NSData+zlib (~> 7.8)"
    - nanopb (< 2.30910.0, >= 2.30908.0)
  - GoogleDataTransport (9.2.0):
    - GoogleUtilities/Environment (~> 7.7)
    - nanopb (< 2.30910.0, >= 2.30908.0)
    - PromisesObjC (< 3.0, >= 1.2)
  - GoogleMaps (6.2.1):
    - GoogleMaps/Maps (= 6.2.1)
  - GoogleMaps/Base (6.2.1)
  - GoogleMaps/Maps (6.2.1):
    - GoogleMaps/Base
  - GoogleUtilities/AppDelegateSwizzler (7.11.0):
    - GoogleUtilities/Environment
    - GoogleUtilities/Logger
    - GoogleUtilities/Network
  - GoogleUtilities/Environment (7.11.0):
    - PromisesObjC (< 3.0, >= 1.2)
  - GoogleUtilities/Logger (7.11.0):
    - GoogleUtilities/Environment
  - GoogleUtilities/MethodSwizzler (7.11.0):
    - GoogleUtilities/Logger
  - GoogleUtilities/Network (7.11.0):
    - GoogleUtilities/Logger
    - "GoogleUtilities/NSData+zlib"
    - GoogleUtilities/Reachability
  - "GoogleUtilities/NSData+zlib (7.11.0)"
  - GoogleUtilities/Reachability (7.11.0):
    - GoogleUtilities/Logger
  - GoogleUtilities/UserDefaults (7.11.0):
    - GoogleUtilities/Logger
  - GoogleWebRTC (1.1.31999)
  - GrowingTextViewHandler-Swift (1.2)
  - GTMSessionFetcher/Core (3.1.0)
  - IQKeyboardManagerSwift (6.5.11)
  - KissXML (5.3.1):
    - KissXML/All (= 5.3.1)
  - KissXML/Additions (5.3.1):
    - KissXML/Core
  - KissXML/All (5.3.1):
    - KissXML/Additions
    - KissXML/Core
  - KissXML/Core (5.3.1)
  - KMPlaceholderTextView (1.4.0)
  - libidn (1.35)
  - libPhoneNumber-iOS (0.9.15)
  - MarqueeLabel (4.3.0)
  - MenuItemKit (4.0.1)
  - nanopb (2.30909.0):
    - nanopb/decode (= 2.30909.0)
    - nanopb/encode (= 2.30909.0)
  - nanopb/decode (2.30909.0)
  - nanopb/encode (2.30909.0)
  - NicoProgress (0.4.0)
  - PhoneNumberKit (3.3.4):
    - PhoneNumberKit/PhoneNumberKitCore (= 3.3.4)
    - PhoneNumberKit/UIKit (= 3.3.4)
  - PhoneNumberKit/PhoneNumberKitCore (3.3.4)
  - PhoneNumberKit/UIKit (3.3.4):
    - PhoneNumberKit/PhoneNumberKitCore
  - PromisesObjC (2.1.1)
  - PulsingHalo (0.2.10)
  - QCropper (0.1.7)
  - Realm (10.20.1):
    - Realm/Headers (= 10.20.1)
  - Realm/Headers (10.20.1)
  - RealmSwift (10.20.1):
    - Realm (= 10.20.1)
  - RxCocoa (6.5.0):
    - RxRelay (= 6.5.0)
    - RxSwift (= 6.5.0)
  - RxRelay (6.5.0):
    - RxSwift (= 6.5.0)
  - RxSwift (6.5.0)
  - SDWebImage (5.15.0):
    - SDWebImage/Core (= 5.15.0)
  - SDWebImage/Core (5.15.0)
  - Socket.IO-Client-Swift (15.2.0):
    - Starscream (~> 3.1)
  - SocketRocket (0.6.0)
  - Starscream (3.1.1)
  - SwiftLinkPreview (3.4.0)
  - Tatsi (1.2.1)
  - Toaster (2.3.0)
  - XMPPFramework/default (4.0.0):
    - CocoaAsyncSocket (~> 7.6)
    - CocoaLumberjack
    - KissXML (~> 5.2)
    - libidn (~> 1.35)
  - XMPPFramework/Swift (4.0.0):
    - CocoaLumberjack/Swift
    - XMPPFramework/default

DEPENDENCIES:
  - Alamofire
  - BSImagePicker (~> 3.1)
  - Firebase/Analytics
  - Firebase/Auth
  - Firebase/Crashlytics
  - Firebase/Messaging
  - Firebase/RemoteConfig
  - Floaty (~> 4.2.0)
  - GoogleMaps
  - GoogleWebRTC
  - GrowingTextViewHandler-Swift (= 1.2)
  - IQKeyboardManagerSwift
  - KMPlaceholderTextView (~> 1.4.0)
  - libPhoneNumber-iOS
  - MarqueeLabel
  - MenuItemKit (~> 4.0.0)
  - NicoProgress
  - PhoneNumberKit (~> 3.3)
  - PulsingHalo
  - QCropper
  - RealmSwift (= 10.20.1)
  - RxCocoa (= 6.5.0)
  - RxSwift (= 6.5.0)
  - SDWebImage
  - Socket.IO-Client-Swift (~> 15.2.0)
  - SocketRocket
  - SwiftLinkPreview
  - Tatsi
  - Toaster
  - XMPPFramework/Swift

SPEC REPOS:
  trunk:
    - Alamofire
    - BSImagePicker
    - CocoaAsyncSocket
    - CocoaLumberjack
    - Firebase
    - FirebaseABTesting
    - FirebaseAnalytics
    - FirebaseAuth
    - FirebaseCore
    - FirebaseCoreInternal
    - FirebaseCrashlytics
    - FirebaseInstallations
    - FirebaseMessaging
    - FirebaseRemoteConfig
    - Floaty
    - GoogleAppMeasurement
    - GoogleDataTransport
    - GoogleMaps
    - GoogleUtilities
    - GoogleWebRTC
    - GrowingTextViewHandler-Swift
    - GTMSessionFetcher
    - IQKeyboardManagerSwift
    - KissXML
    - KMPlaceholderTextView
    - libidn
    - libPhoneNumber-iOS
    - MarqueeLabel
    - MenuItemKit
    - nanopb
    - NicoProgress
    - PhoneNumberKit
    - PromisesObjC
    - PulsingHalo
    - QCropper
    - Realm
    - RealmSwift
    - RxCocoa
    - RxRelay
    - RxSwift
    - SDWebImage
    - Socket.IO-Client-Swift
    - SocketRocket
    - Starscream
    - SwiftLinkPreview
    - Tatsi
    - Toaster
    - XMPPFramework

SPEC CHECKSUMS:
  Alamofire: 4e95d97098eacb88856099c4fc79b526a299e48c
  BSImagePicker: 0fe04b574d4d6b81093785d2af6c26227efc8428
  CocoaAsyncSocket: 065fd1e645c7abab64f7a6a2007a48038fdc6a99
  CocoaLumberjack: 78abfb691154e2a9df8ded4350d504ee19d90732
  Firebase: ba3501b5142a57747eac74d27c96d2b313bdec90
  FirebaseABTesting: ae3b32fe26e761fd54c68e37a632a0097b599c87
  FirebaseAnalytics: 0be84b933ca3222bca03e8cccf020ad9b1c3c6ff
  FirebaseAuth: 5608282535d6f2dc902b2b88a379aaf6912fb837
  FirebaseCore: b8697a177690b69b0dbce9d612b69b893be70469
  FirebaseCoreInternal: e301297f4c15a17489e48ed722d733b1578e0c02
  FirebaseCrashlytics: 52e821fd4d36eba20a251a53549c2778b455f360
  FirebaseInstallations: 36b38c733fd37e50857e5e8d74138648f466f18c
  FirebaseMessaging: e7304d6ce5f83d9139f0a61383a2302beb99b111
  FirebaseRemoteConfig: bf23f54161ebad4fb4acb1ac44ad7783a784f3ab
  Floaty: e2bd5a0f6f7f70899e26ff2da31081c8bee8d1b0
  GoogleAppMeasurement: 173fa22ce7d62c29332568e853b39b2525a0e584
  GoogleDataTransport: 1c8145da7117bd68bbbed00cf304edb6a24de00f
  GoogleMaps: 20d7b12be49a14287f797e88e0e31bc4156aaeb4
  GoogleUtilities: c2bdc4cf2ce786c4d2e6b3bcfd599a25ca78f06f
  GoogleWebRTC: b39a78c4f5cc6b0323415b9233db03a2faa7b0f0
  GrowingTextViewHandler-Swift: 383c961e73aeb1bef187481ad0c8a0cc00a6f351
  GTMSessionFetcher: c9e714f7eec91a55641e2bab9f45fd83a219b882
  IQKeyboardManagerSwift: c7955c0bdbf7b2eb29bb7daaa44e3d90f55a9a85
  KissXML: 5c8e0f2e8b9f071d3e1ae123dec3eb5da615c10c
  KMPlaceholderTextView: 2206c3df39979e9396e2d96fa9f427a8951121b0
  libidn: e4576a956b797c584c77aaedfc6e3dd639b61bdc
  libPhoneNumber-iOS: 0a32a9525cf8744fe02c5206eb30d571e38f7d75
  MarqueeLabel: 02f5ac8fd6877c94564556cb93fa86c70c08baeb
  MenuItemKit: 1459920e984d823e1bcc858b7a964f94e6bfa0f6
  nanopb: b552cce312b6c8484180ef47159bc0f65a1f0431
  NicoProgress: 8e26d401623a1ba9456748b04b30183d5e212d25
  PhoneNumberKit: 441e8b26ec88d598e3591de9061eff18f5dd12e8
  PromisesObjC: ab77feca74fa2823e7af4249b8326368e61014cb
  PulsingHalo: 1a9c6b65a8e12ac9eee1627fc8476efcce8e1918
  QCropper: aef6bad1e683e62b501fb8258359ccd10c68b4f2
  Realm: fac5ecd031fcb81171627b74944c885662d4b266
  RealmSwift: 9b02d25acb46a14756bde9893abb99e2e3675923
  RxCocoa: 94f817b71c07517321eb4f9ad299112ca8af743b
  RxRelay: 1de1523e604c72b6c68feadedd1af3b1b4d0ecbd
  RxSwift: 5710a9e6b17f3c3d6e40d6e559b9fa1e813b2ef8
  SDWebImage: 9bec4c5cdd9579e1f57104735ee0c37df274d593
  Socket.IO-Client-Swift: 1e3e3a1f09f3312a167f0d781eb2f383d477357c
  SocketRocket: fccef3f9c5cedea1353a9ef6ada904fde10d6608
  Starscream: 4bb2f9942274833f7b4d296a55504dcfc7edb7b0
  SwiftLinkPreview: c1bc5b2cb3cd42f2865137c1a61f5d788dcf5c9c
  Tatsi: 12ac525e0e8477645d707d4f356f85cb60182f80
  Toaster: c3473963c78e8cabbf6ea6f11ad0fdaae6f54987
  XMPPFramework: 5d31ff9f73dce031b24bc49bcf88093627a3a86e

PODFILE CHECKSUM: a14ebbbb6d7ce04190bb4b7d50316044a67d94b8

COCOAPODS: 1.11.0
